
Microsoft Visual Studio Solution File, Format Version 12.00
# Visual Studio 15
Project("{FAE04EC0-301F-11D3-BF4B-00C04F79EFBC}") = "Assembly-CSharp", "Assembly-CSharp.csproj", "{F63C1C00-40D9-CB79-A2B1-C7159C855FAF}"
EndProject
Project("{FAE04EC0-301F-11D3-BF4B-00C04F79EFBC}") = "Assembly-CSharp-firstpass", "Assembly-CSharp-firstpass.csproj", "{CA70BD7B-82CA-537F-6C07-D0320FD21207}"
EndProject
Project("{FAE04EC0-301F-11D3-BF4B-00C04F79EFBC}") = "Assembly-CSharp-Editor-firstpass", "Assembly-CSharp-Editor-firstpass.csproj", "{0FFB0780-8A7F-3720-69B2-9018405B70FC}"
EndProject
Global
	GlobalSection(SolutionConfigurationPlatforms) = preSolution
		Debug|Any CPU = Debug|Any CPU
		Release|Any CPU = Release|Any CPU
	EndGlobalSection
	GlobalSection(ProjectConfigurationPlatforms) = postSolution
		{F63C1C00-40D9-CB79-A2B1-C7159C855FAF}.Debug|Any CPU.ActiveCfg = Debug|Any CPU
		{F63C1C00-40D9-CB79-A2B1-C7159C855FAF}.Debug|Any CPU.Build.0 = Debug|Any CPU
		{F63C1C00-40D9-CB79-A2B1-C7159C855FAF}.Release|Any CPU.ActiveCfg = Release|Any CPU
		{F63C1C00-40D9-CB79-A2B1-C7159C855FAF}.Release|Any CPU.Build.0 = Release|Any CPU
		{CA70BD7B-82CA-537F-6C07-D0320FD21207}.Debug|Any CPU.ActiveCfg = Debug|Any CPU
		{CA70BD7B-82CA-537F-6C07-D0320FD21207}.Debug|Any CPU.Build.0 = Debug|Any CPU
		{CA70BD7B-82CA-537F-6C07-D0320FD21207}.Release|Any CPU.ActiveCfg = Release|Any CPU
		{CA70BD7B-82CA-537F-6C07-D0320FD21207}.Release|Any CPU.Build.0 = Release|Any CPU
		{0FFB0780-8A7F-3720-69B2-9018405B70FC}.Debug|Any CPU.ActiveCfg = Debug|Any CPU
		{0FFB0780-8A7F-3720-69B2-9018405B70FC}.Debug|Any CPU.Build.0 = Debug|Any CPU
		{0FFB0780-8A7F-3720-69B2-9018405B70FC}.Release|Any CPU.ActiveCfg = Release|Any CPU
		{0FFB0780-8A7F-3720-69B2-9018405B70FC}.Release|Any CPU.Build.0 = Release|Any CPU
	EndGlobalSection
	GlobalSection(SolutionProperties) = preSolution
		HideSolutionNode = FALSE
	EndGlobalSection
EndGlobal
